
Microsoft Visual Studio Solution File, Format Version 12.00
# Visual Studio Version 17
VisualStudioVersion = 17.7.34018.315
MinimumVisualStudioVersion = 10.0.40219.1
Project("{FAE04EC0-301F-11D3-BF4B-00C04F79EFBC}") = "TDMUCLASS", "TDMUCLASS\TDMUCLASS.csproj", "{0A2DBDA0-C6FB-4A05-95EC-6A3DA9531CA8}"
EndProject
Global
	GlobalSection(SolutionConfigurationPlatforms) = preSolution
		Debug|Any CPU = Debug|Any CPU
		Release|Any CPU = Release|Any CPU
	EndGlobalSection
	GlobalSection(ProjectConfigurationPlatforms) = postSolution
		{0A2DBDA0-C6FB-4A05-95EC-6A3DA9531CA8}.Debug|Any CPU.ActiveCfg = Debug|Any CPU
		{0A2DBDA0-C6FB-4A05-95EC-6A3DA9531CA8}.Debug|Any CPU.Build.0 = Debug|Any CPU
		{0A2DBDA0-C6FB-4A05-95EC-6A3DA9531CA8}.Release|Any CPU.ActiveCfg = Release|Any CPU
		{0A2DBDA0-C6FB-4A05-95EC-6A3DA9531CA8}.Release|Any CPU.Build.0 = Release|Any CPU
	EndGlobalSection
	GlobalSection(SolutionProperties) = preSolution
		HideSolutionNode = FALSE
	EndGlobalSection
	GlobalSection(ExtensibilityGlobals) = postSolution
		SolutionGuid = {20AEA0B2-492A-46FA-A148-141392A6F158}
	EndGlobalSection
EndGlobal
